
Microsoft Visual Studio Solution File, Format Version 12.00
# Visual Studio 2012
Project("{FAE04EC0-301F-11D3-BF4B-00C04F79EFBC}") = "MVC4WebAPIHelp", "MVC4WebAPIHelp\MVC4WebAPIHelp.csproj", "{7A9AA4FC-9C94-4A7A-9AB3-F1F54EE159B1}"
EndProject
Project("{FAE04EC0-301F-11D3-BF4B-00C04F79EFBC}") = "MVC4WebAPIHelp.Tests", "MVC4WebAPIHelp.Tests\MVC4WebAPIHelp.Tests.csproj", "{96EDF657-E2E4-47CC-990F-6F6DCC9CE1F5}"
EndProject
Global
	GlobalSection(SolutionConfigurationPlatforms) = preSolution
		Debug|Any CPU = Debug|Any CPU
		Release|Any CPU = Release|Any CPU
	EndGlobalSection
	GlobalSection(ProjectConfigurationPlatforms) = postSolution
		{7A9AA4FC-9C94-4A7A-9AB3-F1F54EE159B1}.Debug|Any CPU.ActiveCfg = Debug|Any CPU
		{7A9AA4FC-9C94-4A7A-9AB3-F1F54EE159B1}.Debug|Any CPU.Build.0 = Debug|Any CPU
		{7A9AA4FC-9C94-4A7A-9AB3-F1F54EE159B1}.Release|Any CPU.ActiveCfg = Release|Any CPU
		{7A9AA4FC-9C94-4A7A-9AB3-F1F54EE159B1}.Release|Any CPU.Build.0 = Release|Any CPU
		{96EDF657-E2E4-47CC-990F-6F6DCC9CE1F5}.Debug|Any CPU.ActiveCfg = Debug|Any CPU
		{96EDF657-E2E4-47CC-990F-6F6DCC9CE1F5}.Debug|Any CPU.Build.0 = Debug|Any CPU
		{96EDF657-E2E4-47CC-990F-6F6DCC9CE1F5}.Release|Any CPU.ActiveCfg = Release|Any CPU
		{96EDF657-E2E4-47CC-990F-6F6DCC9CE1F5}.Release|Any CPU.Build.0 = Release|Any CPU
	EndGlobalSection
	GlobalSection(SolutionProperties) = preSolution
		HideSolutionNode = FALSE
	EndGlobalSection
EndGlobal
